// !$*UTF8*$!
{
	archiveVersion = 1;
	classes = {
	};
	objectVersion = 56;
	objects = {

/* Begin PBXBuildFile section */
		E2E22CF62C37B82B00A56E11 /* ToDoListApp.swift in Sources */ = {isa = PBXBuildFile; fileRef = E2E22CF52C37B82B00A56E11 /* ToDoListApp.swift */; };
		E2E22CF82C37B82B00A56E11 /* MainView.swift in Sources */ = {isa = PBXBuildFile; fileRef = E2E22CF72C37B82B00A56E11 /* MainView.swift */; };
		E2E22CFA2C37B82D00A56E11 /* Assets.xcassets in Resources */ = {isa = PBXBuildFile; fileRef = E2E22CF92C37B82D00A56E11 /* Assets.xcassets */; };
		E2E22CFD2C37B82D00A56E11 /* Preview Assets.xcassets in Resources */ = {isa = PBXBuildFile; fileRef = E2E22CFC2C37B82D00A56E11 /* Preview Assets.xcassets */; };
		E2E22D072C37B82E00A56E11 /* ToDoListTests.swift in Sources */ = {isa = PBXBuildFile; fileRef = E2E22D062C37B82E00A56E11 /* ToDoListTests.swift */; };
		E2E22D112C37B82E00A56E11 /* ToDoListUITests.swift in Sources */ = {isa = PBXBuildFile; fileRef = E2E22D102C37B82E00A56E11 /* ToDoListUITests.swift */; };
		E2E22D132C37B82E00A56E11 /* ToDoListUITestsLaunchTests.swift in Sources */ = {isa = PBXBuildFile; fileRef = E2E22D122C37B82E00A56E11 /* ToDoListUITestsLaunchTests.swift */; };
		E2E22D212C37BDDE00A56E11 /* FirebaseAuth in Frameworks */ = {isa = PBXBuildFile; productRef = E2E22D202C37BDDE00A56E11 /* FirebaseAuth */; };
		E2E22D232C37BDDE00A56E11 /* FirebaseFirestore in Frameworks */ = {isa = PBXBuildFile; productRef = E2E22D222C37BDDE00A56E11 /* FirebaseFirestore */; };
		E2E22D252C37BDDE00A56E11 /* FirebaseFirestoreSwift in Frameworks */ = {isa = PBXBuildFile; productRef = E2E22D242C37BDDE00A56E11 /* FirebaseFirestoreSwift */; };
		E2E22D272C37BF2000A56E11 /* GoogleService-Info.plist in Resources */ = {isa = PBXBuildFile; fileRef = E2E22D262C37BF2000A56E11 /* GoogleService-Info.plist */; };
		E2E22D2E2C3915C300A56E11 /* ProfileView.swift in Sources */ = {isa = PBXBuildFile; fileRef = E2E22D2D2C3915C300A56E11 /* ProfileView.swift */; };
		E2E22D302C39160E00A56E11 /* ToDoListView.swift in Sources */ = {isa = PBXBuildFile; fileRef = E2E22D2F2C39160E00A56E11 /* ToDoListView.swift */; };
		E2E22D322C39162000A56E11 /* LoginView.swift in Sources */ = {isa = PBXBuildFile; fileRef = E2E22D312C39162000A56E11 /* LoginView.swift */; };
		E2E22D342C39162F00A56E11 /* NewItemView.swift in Sources */ = {isa = PBXBuildFile; fileRef = E2E22D332C39162F00A56E11 /* NewItemView.swift */; };
		E2E22D362C39164400A56E11 /* RegisterView.swift in Sources */ = {isa = PBXBuildFile; fileRef = E2E22D352C39164400A56E11 /* RegisterView.swift */; };
		E2E22D382C39166900A56E11 /* ToDoListItemView.swift in Sources */ = {isa = PBXBuildFile; fileRef = E2E22D372C39166900A56E11 /* ToDoListItemView.swift */; };
		E2E22D3A2C3916AB00A56E11 /* User.swift in Sources */ = {isa = PBXBuildFile; fileRef = E2E22D392C3916AB00A56E11 /* User.swift */; };
		E2E22D3C2C3916BE00A56E11 /* ToDoListItem.swift in Sources */ = {isa = PBXBuildFile; fileRef = E2E22D3B2C3916BE00A56E11 /* ToDoListItem.swift */; };
		E2E22D3E2C3916F300A56E11 /* MainViewViewModel.swift in Sources */ = {isa = PBXBuildFile; fileRef = E2E22D3D2C3916F300A56E11 /* MainViewViewModel.swift */; };
		E2E22D402C39171600A56E11 /* ProfileViewViewModel.swift in Sources */ = {isa = PBXBuildFile; fileRef = E2E22D3F2C39171600A56E11 /* ProfileViewViewModel.swift */; };
		E2E22D422C39173400A56E11 /* ToDoListViewViewModel.swift in Sources */ = {isa = PBXBuildFile; fileRef = E2E22D412C39173400A56E11 /* ToDoListViewViewModel.swift */; };
		E2E22D442C39173F00A56E11 /* LoginViewViewModel.swift in Sources */ = {isa = PBXBuildFile; fileRef = E2E22D432C39173F00A56E11 /* LoginViewViewModel.swift */; };
		E2E22D462C39174D00A56E11 /* NewItemViewViewModel.swift in Sources */ = {isa = PBXBuildFile; fileRef = E2E22D452C39174D00A56E11 /* NewItemViewViewModel.swift */; };
		E2E22D482C39175E00A56E11 /* RegisterViewViewModel.swift in Sources */ = {isa = PBXBuildFile; fileRef = E2E22D472C39175E00A56E11 /* RegisterViewViewModel.swift */; };
		E2E22D4A2C39177200A56E11 /* ToDoListItemViewViewModel.swift in Sources */ = {isa = PBXBuildFile; fileRef = E2E22D492C39177200A56E11 /* ToDoListItemViewViewModel.swift */; };
		E2E22D4C2C39D0DB00A56E11 /* HeaderView.swift in Sources */ = {isa = PBXBuildFile; fileRef = E2E22D4B2C39D0DB00A56E11 /* HeaderView.swift */; };
		E2E22D4E2C3B0A1E00A56E11 /* TLButton.swift in Sources */ = {isa = PBXBuildFile; fileRef = E2E22D4D2C3B0A1E00A56E11 /* TLButton.swift */; };
/* End PBXBuildFile section */

/* Begin PBXContainerItemProxy section */
		E2E22D032C37B82E00A56E11 /* PBXContainerItemProxy */ = {
			isa = PBXContainerItemProxy;
			containerPortal = E2E22CEA2C37B82B00A56E11 /* Project object */;
			proxyType = 1;
			remoteGlobalIDString = E2E22CF12C37B82B00A56E11;
			remoteInfo = ToDoList;
		};
		E2E22D0D2C37B82E00A56E11 /* PBXContainerItemProxy */ = {
			isa = PBXContainerItemProxy;
			containerPortal = E2E22CEA2C37B82B00A56E11 /* Project object */;
			proxyType = 1;
			remoteGlobalIDString = E2E22CF12C37B82B00A56E11;
			remoteInfo = ToDoList;
		};
/* End PBXContainerItemProxy section */

/* Begin PBXFileReference section */
		E2E22CF22C37B82B00A56E11 /* ToDoList.app */ = {isa = PBXFileReference; explicitFileType = wrapper.application; includeInIndex = 0; path = ToDoList.app; sourceTree = BUILT_PRODUCTS_DIR; };
		E2E22CF52C37B82B00A56E11 /* ToDoListApp.swift */ = {isa = PBXFileReference; lastKnownFileType = sourcecode.swift; path = ToDoListApp.swift; sourceTree = "<group>"; };
		E2E22CF72C37B82B00A56E11 /* MainView.swift */ = {isa = PBXFileReference; lastKnownFileType = sourcecode.swift; path = MainView.swift; sourceTree = "<group>"; };
		E2E22CF92C37B82D00A56E11 /* Assets.xcassets */ = {isa = PBXFileReference; lastKnownFileType = folder.assetcatalog; path = Assets.xcassets; sourceTree = "<group>"; };
		E2E22CFC2C37B82D00A56E11 /* Preview Assets.xcassets */ = {isa = PBXFileReference; lastKnownFileType = folder.assetcatalog; path = "Preview Assets.xcassets"; sourceTree = "<group>"; };
		E2E22D022C37B82E00A56E11 /* ToDoListTests.xctest */ = {isa = PBXFileReference; explicitFileType = wrapper.cfbundle; includeInIndex = 0; path = ToDoListTests.xctest; sourceTree = BUILT_PRODUCTS_DIR; };
		E2E22D062C37B82E00A56E11 /* ToDoListTests.swift */ = {isa = PBXFileReference; lastKnownFileType = sourcecode.swift; path = ToDoListTests.swift; sourceTree = "<group>"; };
		E2E22D0C2C37B82E00A56E11 /* ToDoListUITests.xctest */ = {isa = PBXFileReference; explicitFileType = wrapper.cfbundle; includeInIndex = 0; path = ToDoListUITests.xctest; sourceTree = BUILT_PRODUCTS_DIR; };
		E2E22D102C37B82E00A56E11 /* ToDoListUITests.swift */ = {isa = PBXFileReference; lastKnownFileType = sourcecode.swift; path = ToDoListUITests.swift; sourceTree = "<group>"; };
		E2E22D122C37B82E00A56E11 /* ToDoListUITestsLaunchTests.swift */ = {isa = PBXFileReference; lastKnownFileType = sourcecode.swift; path = ToDoListUITestsLaunchTests.swift; sourceTree = "<group>"; };
		E2E22D262C37BF2000A56E11 /* GoogleService-Info.plist */ = {isa = PBXFileReference; fileEncoding = 4; lastKnownFileType = text.plist.xml; path = "GoogleService-Info.plist"; sourceTree = "<group>"; };
		E2E22D2D2C3915C300A56E11 /* ProfileView.swift */ = {isa = PBXFileReference; lastKnownFileType = sourcecode.swift; path = ProfileView.swift; sourceTree = "<group>"; };
		E2E22D2F2C39160E00A56E11 /* ToDoListView.swift */ = {isa = PBXFileReference; lastKnownFileType = sourcecode.swift; path = ToDoListView.swift; sourceTree = "<group>"; };
		E2E22D312C39162000A56E11 /* LoginView.swift */ = {isa = PBXFileReference; lastKnownFileType = sourcecode.swift; path = LoginView.swift; sourceTree = "<group>"; };
		E2E22D332C39162F00A56E11 /* NewItemView.swift */ = {isa = PBXFileReference; lastKnownFileType = sourcecode.swift; path = NewItemView.swift; sourceTree = "<group>"; };
		E2E22D352C39164400A56E11 /* RegisterView.swift */ = {isa = PBXFileReference; lastKnownFileType = sourcecode.swift; path = RegisterView.swift; sourceTree = "<group>"; };
		E2E22D372C39166900A56E11 /* ToDoListItemView.swift */ = {isa = PBXFileReference; lastKnownFileType = sourcecode.swift; path = ToDoListItemView.swift; sourceTree = "<group>"; };
		E2E22D392C3916AB00A56E11 /* User.swift */ = {isa = PBXFileReference; lastKnownFileType = sourcecode.swift; path = User.swift; sourceTree = "<group>"; };
		E2E22D3B2C3916BE00A56E11 /* ToDoListItem.swift */ = {isa = PBXFileReference; lastKnownFileType = sourcecode.swift; path = ToDoListItem.swift; sourceTree = "<group>"; };
		E2E22D3D2C3916F300A56E11 /* MainViewViewModel.swift */ = {isa = PBXFileReference; lastKnownFileType = sourcecode.swift; path = MainViewViewModel.swift; sourceTree = "<group>"; };
		E2E22D3F2C39171600A56E11 /* ProfileViewViewModel.swift */ = {isa = PBXFileReference; lastKnownFileType = sourcecode.swift; path = ProfileViewViewModel.swift; sourceTree = "<group>"; };
		E2E22D412C39173400A56E11 /* ToDoListViewViewModel.swift */ = {isa = PBXFileReference; lastKnownFileType = sourcecode.swift; path = ToDoListViewViewModel.swift; sourceTree = "<group>"; };
		E2E22D432C39173F00A56E11 /* LoginViewViewModel.swift */ = {isa = PBXFileReference; lastKnownFileType = sourcecode.swift; path = LoginViewViewModel.swift; sourceTree = "<group>"; };
		E2E22D452C39174D00A56E11 /* NewItemViewViewModel.swift */ = {isa = PBXFileReference; lastKnownFileType = sourcecode.swift; path = NewItemViewViewModel.swift; sourceTree = "<group>"; };
		E2E22D472C39175E00A56E11 /* RegisterViewViewModel.swift */ = {isa = PBXFileReference; lastKnownFileType = sourcecode.swift; path = RegisterViewViewModel.swift; sourceTree = "<group>"; };
		E2E22D492C39177200A56E11 /* ToDoListItemViewViewModel.swift */ = {isa = PBXFileReference; lastKnownFileType = sourcecode.swift; path = ToDoListItemViewViewModel.swift; sourceTree = "<group>"; };
		E2E22D4B2C39D0DB00A56E11 /* HeaderView.swift */ = {isa = PBXFileReference; lastKnownFileType = sourcecode.swift; path = HeaderView.swift; sourceTree = "<group>"; };
		E2E22D4D2C3B0A1E00A56E11 /* TLButton.swift */ = {isa = PBXFileReference; lastKnownFileType = sourcecode.swift; path = TLButton.swift; sourceTree = "<group>"; };
/* End PBXFileReference section */

/* Begin PBXFrameworksBuildPhase section */
		E2E22CEF2C37B82B00A56E11 /* Frameworks */ = {
			isa = PBXFrameworksBuildPhase;
			buildActionMask = 2147483647;
			files = (
				E2E22D212C37BDDE00A56E11 /* FirebaseAuth in Frameworks */,
				E2E22D232C37BDDE00A56E11 /* FirebaseFirestore in Frameworks */,
				E2E22D252C37BDDE00A56E11 /* FirebaseFirestoreSwift in Frameworks */,
			);
			runOnlyForDeploymentPostprocessing = 0;
		};
		E2E22CFF2C37B82E00A56E11 /* Frameworks */ = {
			isa = PBXFrameworksBuildPhase;
			buildActionMask = 2147483647;
			files = (
			);
			runOnlyForDeploymentPostprocessing = 0;
		};
		E2E22D092C37B82E00A56E11 /* Frameworks */ = {
			isa = PBXFrameworksBuildPhase;
			buildActionMask = 2147483647;
			files = (
			);
			runOnlyForDeploymentPostprocessing = 0;
		};
/* End PBXFrameworksBuildPhase section */

/* Begin PBXGroup section */
		E2E22CE92C37B82B00A56E11 = {
			isa = PBXGroup;
			children = (
				E2E22CF42C37B82B00A56E11 /* ToDoList */,
				E2E22D052C37B82E00A56E11 /* ToDoListTests */,
				E2E22D0F2C37B82E00A56E11 /* ToDoListUITests */,
				E2E22CF32C37B82B00A56E11 /* Products */,
			);
			sourceTree = "<group>";
		};
		E2E22CF32C37B82B00A56E11 /* Products */ = {
			isa = PBXGroup;
			children = (
				E2E22CF22C37B82B00A56E11 /* ToDoList.app */,
				E2E22D022C37B82E00A56E11 /* ToDoListTests.xctest */,
				E2E22D0C2C37B82E00A56E11 /* ToDoListUITests.xctest */,
			);
			name = Products;
			sourceTree = "<group>";
		};
		E2E22CF42C37B82B00A56E11 /* ToDoList */ = {
			isa = PBXGroup;
			children = (
				E2E22D2C2C3914BC00A56E11 /* Other */,
				E2E22D2B2C3914A400A56E11 /* Models */,
				E2E22D2A2C39149700A56E11 /* ViewModels */,
				E2E22D292C39147B00A56E11 /* Views */,
				E2E22CFB2C37B82D00A56E11 /* Preview Content */,
			);
			path = ToDoList;
			sourceTree = "<group>";
		};
		E2E22CFB2C37B82D00A56E11 /* Preview Content */ = {
			isa = PBXGroup;
			children = (
				E2E22CFC2C37B82D00A56E11 /* Preview Assets.xcassets */,
			);
			path = "Preview Content";
			sourceTree = "<group>";
		};
		E2E22D052C37B82E00A56E11 /* ToDoListTests */ = {
			isa = PBXGroup;
			children = (
				E2E22D062C37B82E00A56E11 /* ToDoListTests.swift */,
			);
			path = ToDoListTests;
			sourceTree = "<group>";
		};
		E2E22D0F2C37B82E00A56E11 /* ToDoListUITests */ = {
			isa = PBXGroup;
			children = (
				E2E22D102C37B82E00A56E11 /* ToDoListUITests.swift */,
				E2E22D122C37B82E00A56E11 /* ToDoListUITestsLaunchTests.swift */,
			);
			path = ToDoListUITests;
			sourceTree = "<group>";
		};
		E2E22D292C39147B00A56E11 /* Views */ = {
			isa = PBXGroup;
			children = (
				E2E22CF72C37B82B00A56E11 /* MainView.swift */,
				E2E22D2D2C3915C300A56E11 /* ProfileView.swift */,
				E2E22D2F2C39160E00A56E11 /* ToDoListView.swift */,
				E2E22D312C39162000A56E11 /* LoginView.swift */,
				E2E22D332C39162F00A56E11 /* NewItemView.swift */,
				E2E22D352C39164400A56E11 /* RegisterView.swift */,
				E2E22D372C39166900A56E11 /* ToDoListItemView.swift */,
				E2E22D4B2C39D0DB00A56E11 /* HeaderView.swift */,
				E2E22D4D2C3B0A1E00A56E11 /* TLButton.swift */,
			);
			path = Views;
			sourceTree = "<group>";
		};
		E2E22D2A2C39149700A56E11 /* ViewModels */ = {
			isa = PBXGroup;
			children = (
				E2E22D3D2C3916F300A56E11 /* MainViewViewModel.swift */,
				E2E22D3F2C39171600A56E11 /* ProfileViewViewModel.swift */,
				E2E22D412C39173400A56E11 /* ToDoListViewViewModel.swift */,
				E2E22D432C39173F00A56E11 /* LoginViewViewModel.swift */,
				E2E22D452C39174D00A56E11 /* NewItemViewViewModel.swift */,
				E2E22D472C39175E00A56E11 /* RegisterViewViewModel.swift */,
				E2E22D492C39177200A56E11 /* ToDoListItemViewViewModel.swift */,
			);
			path = ViewModels;
			sourceTree = "<group>";
		};
		E2E22D2B2C3914A400A56E11 /* Models */ = {
			isa = PBXGroup;
			children = (
				E2E22D392C3916AB00A56E11 /* User.swift */,
				E2E22D3B2C3916BE00A56E11 /* ToDoListItem.swift */,
			);
			path = Models;
			sourceTree = "<group>";
		};
		E2E22D2C2C3914BC00A56E11 /* Other */ = {
			isa = PBXGroup;
			children = (
				E2E22CF92C37B82D00A56E11 /* Assets.xcassets */,
				E2E22D262C37BF2000A56E11 /* GoogleService-Info.plist */,
				E2E22CF52C37B82B00A56E11 /* ToDoListApp.swift */,
			);
			path = Other;
			sourceTree = "<group>";
		};
/* End PBXGroup section */

/* Begin PBXNativeTarget section */
		E2E22CF12C37B82B00A56E11 /* ToDoList */ = {
			isa = PBXNativeTarget;
			buildConfigurationList = E2E22D162C37B82E00A56E11 /* Build configuration list for PBXNativeTarget "ToDoList" */;
			buildPhases = (
				E2E22CEE2C37B82B00A56E11 /* Sources */,
				E2E22CEF2C37B82B00A56E11 /* Frameworks */,
				E2E22CF02C37B82B00A56E11 /* Resources */,
			);
			buildRules = (
			);
			dependencies = (
			);
			name = ToDoList;
			packageProductDependencies = (
				E2E22D202C37BDDE00A56E11 /* FirebaseAuth */,
				E2E22D222C37BDDE00A56E11 /* FirebaseFirestore */,
				E2E22D242C37BDDE00A56E11 /* FirebaseFirestoreSwift */,
			);
			productName = ToDoList;
			productReference = E2E22CF22C37B82B00A56E11 /* ToDoList.app */;
			productType = "com.apple.product-type.application";
		};
		E2E22D012C37B82E00A56E11 /* ToDoListTests */ = {
			isa = PBXNativeTarget;
			buildConfigurationList = E2E22D192C37B82E00A56E11 /* Build configuration list for PBXNativeTarget "ToDoListTests" */;
			buildPhases = (
				E2E22CFE2C37B82E00A56E11 /* Sources */,
				E2E22CFF2C37B82E00A56E11 /* Frameworks */,
				E2E22D002C37B82E00A56E11 /* Resources */,
			);
			buildRules = (
			);
			dependencies = (
				E2E22D042C37B82E00A56E11 /* PBXTargetDependency */,
			);
			name = ToDoListTests;
			productName = ToDoListTests;
			productReference = E2E22D022C37B82E00A56E11 /* ToDoListTests.xctest */;
			productType = "com.apple.product-type.bundle.unit-test";
		};
		E2E22D0B2C37B82E00A56E11 /* ToDoListUITests */ = {
			isa = PBXNativeTarget;
			buildConfigurationList = E2E22D1C2C37B82E00A56E11 /* Build configuration list for PBXNativeTarget "ToDoListUITests" */;
			buildPhases = (
				E2E22D082C37B82E00A56E11 /* Sources */,
				E2E22D092C37B82E00A56E11 /* Frameworks */,
				E2E22D0A2C37B82E00A56E11 /* Resources */,
			);
			buildRules = (
			);
			dependencies = (
				E2E22D0E2C37B82E00A56E11 /* PBXTargetDependency */,
			);
			name = ToDoListUITests;
			productName = ToDoListUITests;
			productReference = E2E22D0C2C37B82E00A56E11 /* ToDoListUITests.xctest */;
			productType = "com.apple.product-type.bundle.ui-testing";
		};
/* End PBXNativeTarget section */

/* Begin PBXProject section */
		E2E22CEA2C37B82B00A56E11 /* Project object */ = {
			isa = PBXProject;
			attributes = {
				BuildIndependentTargetsInParallel = 1;
				LastSwiftUpdateCheck = 1530;
				LastUpgradeCheck = 1530;
				TargetAttributes = {
					E2E22CF12C37B82B00A56E11 = {
						CreatedOnToolsVersion = 15.3;
					};
					E2E22D012C37B82E00A56E11 = {
						CreatedOnToolsVersion = 15.3;
						TestTargetID = E2E22CF12C37B82B00A56E11;
					};
					E2E22D0B2C37B82E00A56E11 = {
						CreatedOnToolsVersion = 15.3;
						TestTargetID = E2E22CF12C37B82B00A56E11;
					};
				};
			};
			buildConfigurationList = E2E22CED2C37B82B00A56E11 /* Build configuration list for PBXProject "ToDoList" */;
			compatibilityVersion = "Xcode 14.0";
			developmentRegion = en;
			hasScannedForEncodings = 0;
			knownRegions = (
				en,
				Base,
			);
			mainGroup = E2E22CE92C37B82B00A56E11;
			packageReferences = (
				E2E22D1F2C37BDDE00A56E11 /* XCRemoteSwiftPackageReference "firebase-ios-sdk" */,
			);
			productRefGroup = E2E22CF32C37B82B00A56E11 /* Products */;
			projectDirPath = "";
			projectRoot = "";
			targets = (
				E2E22CF12C37B82B00A56E11 /* ToDoList */,
				E2E22D012C37B82E00A56E11 /* ToDoListTests */,
				E2E22D0B2C37B82E00A56E11 /* ToDoListUITests */,
			);
		};
/* End PBXProject section */

/* Begin PBXResourcesBuildPhase section */
		E2E22CF02C37B82B00A56E11 /* Resources */ = {
			isa = PBXResourcesBuildPhase;
			buildActionMask = 2147483647;
			files = (
				E2E22CFD2C37B82D00A56E11 /* Preview Assets.xcassets in Resources */,
				E2E22CFA2C37B82D00A56E11 /* Assets.xcassets in Resources */,
				E2E22D272C37BF2000A56E11 /* GoogleService-Info.plist in Resources */,
			);
			runOnlyForDeploymentPostprocessing = 0;
		};
		E2E22D002C37B82E00A56E11 /* Resources */ = {
			isa = PBXResourcesBuildPhase;
			buildActionMask = 2147483647;
			files = (
			);
			runOnlyForDeploymentPostprocessing = 0;
		};
		E2E22D0A2C37B82E00A56E11 /* Resources */ = {
			isa = PBXResourcesBuildPhase;
			buildActionMask = 2147483647;
			files = (
			);
			runOnlyForDeploymentPostprocessing = 0;
		};
/* End PBXResourcesBuildPhase section */

/* Begin PBXSourcesBuildPhase section */
		E2E22CEE2C37B82B00A56E11 /* Sources */ = {
			isa = PBXSourcesBuildPhase;
			buildActionMask = 2147483647;
			files = (
				E2E22D342C39162F00A56E11 /* NewItemView.swift in Sources */,
				E2E22D4C2C39D0DB00A56E11 /* HeaderView.swift in Sources */,
				E2E22D442C39173F00A56E11 /* LoginViewViewModel.swift in Sources */,
				E2E22D482C39175E00A56E11 /* RegisterViewViewModel.swift in Sources */,
				E2E22CF82C37B82B00A56E11 /* MainView.swift in Sources */,
				E2E22D302C39160E00A56E11 /* ToDoListView.swift in Sources */,
				E2E22D3E2C3916F300A56E11 /* MainViewViewModel.swift in Sources */,
				E2E22D4E2C3B0A1E00A56E11 /* TLButton.swift in Sources */,
				E2E22D362C39164400A56E11 /* RegisterView.swift in Sources */,
				E2E22D402C39171600A56E11 /* ProfileViewViewModel.swift in Sources */,
				E2E22D2E2C3915C300A56E11 /* ProfileView.swift in Sources */,
				E2E22D3A2C3916AB00A56E11 /* User.swift in Sources */,
				E2E22D382C39166900A56E11 /* ToDoListItemView.swift in Sources */,
				E2E22D422C39173400A56E11 /* ToDoListViewViewModel.swift in Sources */,
				E2E22D322C39162000A56E11 /* LoginView.swift in Sources */,
				E2E22D462C39174D00A56E11 /* NewItemViewViewModel.swift in Sources */,
				E2E22D3C2C3916BE00A56E11 /* ToDoListItem.swift in Sources */,
				E2E22CF62C37B82B00A56E11 /* ToDoListApp.swift in Sources */,
				E2E22D4A2C39177200A56E11 /* ToDoListItemViewViewModel.swift in Sources */,
			);
			runOnlyForDeploymentPostprocessing = 0;
		};
		E2E22CFE2C37B82E00A56E11 /* Sources */ = {
			isa = PBXSourcesBuildPhase;
			buildActionMask = 2147483647;
			files = (
				E2E22D072C37B82E00A56E11 /* ToDoListTests.swift in Sources */,
			);
			runOnlyForDeploymentPostprocessing = 0;
		};
		E2E22D082C37B82E00A56E11 /* Sources */ = {
			isa = PBXSourcesBuildPhase;
			buildActionMask = 2147483647;
			files = (
				E2E22D132C37B82E00A56E11 /* ToDoListUITestsLaunchTests.swift in Sources */,
				E2E22D112C37B82E00A56E11 /* ToDoListUITests.swift in Sources */,
			);
			runOnlyForDeploymentPostprocessing = 0;
		};
/* End PBXSourcesBuildPhase section */

/* Begin PBXTargetDependency section */
		E2E22D042C37B82E00A56E11 /* PBXTargetDependency */ = {
			isa = PBXTargetDependency;
			target = E2E22CF12C37B82B00A56E11 /* ToDoList */;
			targetProxy = E2E22D032C37B82E00A56E11 /* PBXContainerItemProxy */;
		};
		E2E22D0E2C37B82E00A56E11 /* PBXTargetDependency */ = {
			isa = PBXTargetDependency;
			target = E2E22CF12C37B82B00A56E11 /* ToDoList */;
			targetProxy = E2E22D0D2C37B82E00A56E11 /* PBXContainerItemProxy */;
		};
/* End PBXTargetDependency section */

/* Begin XCBuildConfiguration section */
		E2E22D142C37B82E00A56E11 /* Debug */ = {
			isa = XCBuildConfiguration;
			buildSettings = {
				ALWAYS_SEARCH_USER_PATHS = NO;
				ASSETCATALOG_COMPILER_GENERATE_SWIFT_ASSET_SYMBOL_EXTENSIONS = YES;
				CLANG_ANALYZER_NONNULL = YES;
				CLANG_ANALYZER_NUMBER_OBJECT_CONVERSION = YES_AGGRESSIVE;
				CLANG_CXX_LANGUAGE_STANDARD = "gnu++20";
				CLANG_ENABLE_MODULES = YES;
				CLANG_ENABLE_OBJC_ARC = YES;
				CLANG_ENABLE_OBJC_WEAK = YES;
				CLANG_WARN_BLOCK_CAPTURE_AUTORELEASING = YES;
				CLANG_WARN_BOOL_CONVERSION = YES;
				CLANG_WARN_COMMA = YES;
				CLANG_WARN_CONSTANT_CONVERSION = YES;
				CLANG_WARN_DEPRECATED_OBJC_IMPLEMENTATIONS = YES;
				CLANG_WARN_DIRECT_OBJC_ISA_USAGE = YES_ERROR;
				CLANG_WARN_DOCUMENTATION_COMMENTS = YES;
				CLANG_WARN_EMPTY_BODY = YES;
				CLANG_WARN_ENUM_CONVERSION = YES;
				CLANG_WARN_INFINITE_RECURSION = YES;
				CLANG_WARN_INT_CONVERSION = YES;
				CLANG_WARN_NON_LITERAL_NULL_CONVERSION = YES;
				CLANG_WARN_OBJC_IMPLICIT_RETAIN_SELF = YES;
				CLANG_WARN_OBJC_LITERAL_CONVERSION = YES;
				CLANG_WARN_OBJC_ROOT_CLASS = YES_ERROR;
				CLANG_WARN_QUOTED_INCLUDE_IN_FRAMEWORK_HEADER = YES;
				CLANG_WARN_RANGE_LOOP_ANALYSIS = YES;
				CLANG_WARN_STRICT_PROTOTYPES = YES;
				CLANG_WARN_SUSPICIOUS_MOVE = YES;
				CLANG_WARN_UNGUARDED_AVAILABILITY = YES_AGGRESSIVE;
				CLANG_WARN_UNREACHABLE_CODE = YES;
				CLANG_WARN__DUPLICATE_METHOD_MATCH = YES;
				COPY_PHASE_STRIP = NO;
				DEBUG_INFORMATION_FORMAT = dwarf;
				ENABLE_STRICT_OBJC_MSGSEND = YES;
				ENABLE_TESTABILITY = YES;
				ENABLE_USER_SCRIPT_SANDBOXING = YES;
				GCC_C_LANGUAGE_STANDARD = gnu17;
				GCC_DYNAMIC_NO_PIC = NO;
				GCC_NO_COMMON_BLOCKS = YES;
				GCC_OPTIMIZATION_LEVEL = 0;
				GCC_PREPROCESSOR_DEFINITIONS = (
					"DEBUG=1",
					"$(inherited)",
				);
				GCC_WARN_64_TO_32_BIT_CONVERSION = YES;
				GCC_WARN_ABOUT_RETURN_TYPE = YES_ERROR;
				GCC_WARN_UNDECLARED_SELECTOR = YES;
				GCC_WARN_UNINITIALIZED_AUTOS = YES_AGGRESSIVE;
				GCC_WARN_UNUSED_FUNCTION = YES;
				GCC_WARN_UNUSED_VARIABLE = YES;
				IPHONEOS_DEPLOYMENT_TARGET = 17.4;
				LOCALIZATION_PREFERS_STRING_CATALOGS = YES;
				MTL_ENABLE_DEBUG_INFO = INCLUDE_SOURCE;
				MTL_FAST_MATH = YES;
				ONLY_ACTIVE_ARCH = YES;
				SDKROOT = iphoneos;
				SWIFT_ACTIVE_COMPILATION_CONDITIONS = "DEBUG $(inherited)";
				SWIFT_OPTIMIZATION_LEVEL = "-Onone";
			};
			name = Debug;
		};
		E2E22D152C37B82E00A56E11 /* Release */ = {
			isa = XCBuildConfiguration;
			buildSettings = {
				ALWAYS_SEARCH_USER_PATHS = NO;
				ASSETCATALOG_COMPILER_GENERATE_SWIFT_ASSET_SYMBOL_EXTENSIONS = YES;
				CLANG_ANALYZER_NONNULL = YES;
				CLANG_ANALYZER_NUMBER_OBJECT_CONVERSION = YES_AGGRESSIVE;
				CLANG_CXX_LANGUAGE_STANDARD = "gnu++20";
				CLANG_ENABLE_MODULES = YES;
				CLANG_ENABLE_OBJC_ARC = YES;
				CLANG_ENABLE_OBJC_WEAK = YES;
				CLANG_WARN_BLOCK_CAPTURE_AUTORELEASING = YES;
				CLANG_WARN_BOOL_CONVERSION = YES;
				CLANG_WARN_COMMA = YES;
				CLANG_WARN_CONSTANT_CONVERSION = YES;
				CLANG_WARN_DEPRECATED_OBJC_IMPLEMENTATIONS = YES;
				CLANG_WARN_DIRECT_OBJC_ISA_USAGE = YES_ERROR;
				CLANG_WARN_DOCUMENTATION_COMMENTS = YES;
				CLANG_WARN_EMPTY_BODY = YES;
				CLANG_WARN_ENUM_CONVERSION = YES;
				CLANG_WARN_INFINITE_RECURSION = YES;
				CLANG_WARN_INT_CONVERSION = YES;
				CLANG_WARN_NON_LITERAL_NULL_CONVERSION = YES;
				CLANG_WARN_OBJC_IMPLICIT_RETAIN_SELF = YES;
				CLANG_WARN_OBJC_LITERAL_CONVERSION = YES;
				CLANG_WARN_OBJC_ROOT_CLASS = YES_ERROR;
				CLANG_WARN_QUOTED_INCLUDE_IN_FRAMEWORK_HEADER = YES;
				CLANG_WARN_RANGE_LOOP_ANALYSIS = YES;
				CLANG_WARN_STRICT_PROTOTYPES = YES;
				CLANG_WARN_SUSPICIOUS_MOVE = YES;
				CLANG_WARN_UNGUARDED_AVAILABILITY = YES_AGGRESSIVE;
				CLANG_WARN_UNREACHABLE_CODE = YES;
				CLANG_WARN__DUPLICATE_METHOD_MATCH = YES;
				COPY_PHASE_STRIP = NO;
				DEBUG_INFORMATION_FORMAT = "dwarf-with-dsym";
				ENABLE_NS_ASSERTIONS = NO;
				ENABLE_STRICT_OBJC_MSGSEND = YES;
				ENABLE_USER_SCRIPT_SANDBOXING = YES;
				GCC_C_LANGUAGE_STANDARD = gnu17;
				GCC_NO_COMMON_BLOCKS = YES;
				GCC_WARN_64_TO_32_BIT_CONVERSION = YES;
				GCC_WARN_ABOUT_RETURN_TYPE = YES_ERROR;
				GCC_WARN_UNDECLARED_SELECTOR = YES;
				GCC_WARN_UNINITIALIZED_AUTOS = YES_AGGRESSIVE;
				GCC_WARN_UNUSED_FUNCTION = YES;
				GCC_WARN_UNUSED_VARIABLE = YES;
				IPHONEOS_DEPLOYMENT_TARGET = 17.4;
				LOCALIZATION_PREFERS_STRING_CATALOGS = YES;
				MTL_ENABLE_DEBUG_INFO = NO;
				MTL_FAST_MATH = YES;
				SDKROOT = iphoneos;
				SWIFT_COMPILATION_MODE = wholemodule;
				VALIDATE_PRODUCT = YES;
			};
			name = Release;
		};
		E2E22D172C37B82E00A56E11 /* Debug */ = {
			isa = XCBuildConfiguration;
			buildSettings = {
				ASSETCATALOG_COMPILER_APPICON_NAME = AppIcon;
				ASSETCATALOG_COMPILER_GLOBAL_ACCENT_COLOR_NAME = AccentColor;
				CODE_SIGN_STYLE = Automatic;
				CURRENT_PROJECT_VERSION = 1;
				DEVELOPMENT_ASSET_PATHS = "\"ToDoList/Preview Content\"";
				ENABLE_PREVIEWS = YES;
				GENERATE_INFOPLIST_FILE = YES;
				INFOPLIST_KEY_CFBundleDisplayName = "To Do List";
				INFOPLIST_KEY_UIApplicationSceneManifest_Generation = YES;
				INFOPLIST_KEY_UIApplicationSupportsIndirectInputEvents = YES;
				INFOPLIST_KEY_UILaunchScreen_Generation = YES;
				INFOPLIST_KEY_UISupportedInterfaceOrientations = UIInterfaceOrientationPortrait;
				LD_RUNPATH_SEARCH_PATHS = (
					"$(inherited)",
					"@executable_path/Frameworks",
				);
				MARKETING_VERSION = 1.0;
				PRODUCT_BUNDLE_IDENTIFIER = Grace.ToDoList;
				PRODUCT_NAME = "$(TARGET_NAME)";
				SWIFT_EMIT_LOC_STRINGS = YES;
				SWIFT_VERSION = 5.0;
				TARGETED_DEVICE_FAMILY = "1,2";
			};
			name = Debug;
		};
		E2E22D182C37B82E00A56E11 /* Release */ = {
			isa = XCBuildConfiguration;
			buildSettings = {
				ASSETCATALOG_COMPILER_APPICON_NAME = AppIcon;
				ASSETCATALOG_COMPILER_GLOBAL_ACCENT_COLOR_NAME = AccentColor;
				CODE_SIGN_STYLE = Automatic;
				CURRENT_PROJECT_VERSION = 1;
				DEVELOPMENT_ASSET_PATHS = "\"ToDoList/Preview Content\"";
				ENABLE_PREVIEWS = YES;
				GENERATE_INFOPLIST_FILE = YES;
				INFOPLIST_KEY_CFBundleDisplayName = "To Do List";
				INFOPLIST_KEY_UIApplicationSceneManifest_Generation = YES;
				INFOPLIST_KEY_UIApplicationSupportsIndirectInputEvents = YES;
				INFOPLIST_KEY_UILaunchScreen_Generation = YES;
				INFOPLIST_KEY_UISupportedInterfaceOrientations = UIInterfaceOrientationPortrait;
				LD_RUNPATH_SEARCH_PATHS = (
					"$(inherited)",
					"@executable_path/Frameworks",
				);
				MARKETING_VERSION = 1.0;
				PRODUCT_BUNDLE_IDENTIFIER = Grace.ToDoList;
				PRODUCT_NAME = "$(TARGET_NAME)";
				SWIFT_EMIT_LOC_STRINGS = YES;
				SWIFT_VERSION = 5.0;
				TARGETED_DEVICE_FAMILY = "1,2";
			};
			name = Release;
		};
		E2E22D1A2C37B82E00A56E11 /* Debug */ = {
			isa = XCBuildConfiguration;
			buildSettings = {
				ALWAYS_EMBED_SWIFT_STANDARD_LIBRARIES = YES;
				BUNDLE_LOADER = "$(TEST_HOST)";
				CODE_SIGN_STYLE = Automatic;
				CURRENT_PROJECT_VERSION = 1;
				GENERATE_INFOPLIST_FILE = YES;
				IPHONEOS_DEPLOYMENT_TARGET = 17.4;
				MARKETING_VERSION = 1.0;
				PRODUCT_BUNDLE_IDENTIFIER = Grace.ToDoListTests;
				PRODUCT_NAME = "$(TARGET_NAME)";
				SWIFT_EMIT_LOC_STRINGS = NO;
				SWIFT_VERSION = 5.0;
				TARGETED_DEVICE_FAMILY = "1,2";
				TEST_HOST = "$(BUILT_PRODUCTS_DIR)/ToDoList.app/$(BUNDLE_EXECUTABLE_FOLDER_PATH)/ToDoList";
			};
			name = Debug;
		};
		E2E22D1B2C37B82E00A56E11 /* Release */ = {
			isa = XCBuildConfiguration;
			buildSettings = {
				ALWAYS_EMBED_SWIFT_STANDARD_LIBRARIES = YES;
				BUNDLE_LOADER = "$(TEST_HOST)";
				CODE_SIGN_STYLE = Automatic;
				CURRENT_PROJECT_VERSION = 1;
				GENERATE_INFOPLIST_FILE = YES;
				IPHONEOS_DEPLOYMENT_TARGET = 17.4;
				MARKETING_VERSION = 1.0;
				PRODUCT_BUNDLE_IDENTIFIER = Grace.ToDoListTests;
				PRODUCT_NAME = "$(TARGET_NAME)";
				SWIFT_EMIT_LOC_STRINGS = NO;
				SWIFT_VERSION = 5.0;
				TARGETED_DEVICE_FAMILY = "1,2";
				TEST_HOST = "$(BUILT_PRODUCTS_DIR)/ToDoList.app/$(BUNDLE_EXECUTABLE_FOLDER_PATH)/ToDoList";
			};
			name = Release;
		};
		E2E22D1D2C37B82E00A56E11 /* Debug */ = {
			isa = XCBuildConfiguration;
			buildSettings = {
				ALWAYS_EMBED_SWIFT_STANDARD_LIBRARIES = YES;
				CODE_SIGN_STYLE = Automatic;
				CURRENT_PROJECT_VERSION = 1;
				GENERATE_INFOPLIST_FILE = YES;
				MARKETING_VERSION = 1.0;
				PRODUCT_BUNDLE_IDENTIFIER = Grace.ToDoListUITests;
				PRODUCT_NAME = "$(TARGET_NAME)";
				SWIFT_EMIT_LOC_STRINGS = NO;
				SWIFT_VERSION = 5.0;
				TARGETED_DEVICE_FAMILY = "1,2";
				TEST_TARGET_NAME = ToDoList;
			};
			name = Debug;
		};
		E2E22D1E2C37B82E00A56E11 /* Release */ = {
			isa = XCBuildConfiguration;
			buildSettings = {
				ALWAYS_EMBED_SWIFT_STANDARD_LIBRARIES = YES;
				CODE_SIGN_STYLE = Automatic;
				CURRENT_PROJECT_VERSION = 1;
				GENERATE_INFOPLIST_FILE = YES;
				MARKETING_VERSION = 1.0;
				PRODUCT_BUNDLE_IDENTIFIER = Grace.ToDoListUITests;
				PRODUCT_NAME = "$(TARGET_NAME)";
				SWIFT_EMIT_LOC_STRINGS = NO;
				SWIFT_VERSION = 5.0;
				TARGETED_DEVICE_FAMILY = "1,2";
				TEST_TARGET_NAME = ToDoList;
			};
			name = Release;
		};
/* End XCBuildConfiguration section */

/* Begin XCConfigurationList section */
		E2E22CED2C37B82B00A56E11 /* Build configuration list for PBXProject "ToDoList" */ = {
			isa = XCConfigurationList;
			buildConfigurations = (
				E2E22D142C37B82E00A56E11 /* Debug */,
				E2E22D152C37B82E00A56E11 /* Release */,
			);
			defaultConfigurationIsVisible = 0;
			defaultConfigurationName = Release;
		};
		E2E22D162C37B82E00A56E11 /* Build configuration list for PBXNativeTarget "ToDoList" */ = {
			isa = XCConfigurationList;
			buildConfigurations = (
				E2E22D172C37B82E00A56E11 /* Debug */,
				E2E22D182C37B82E00A56E11 /* Release */,
			);
			defaultConfigurationIsVisible = 0;
			defaultConfigurationName = Release;
		};
		E2E22D192C37B82E00A56E11 /* Build configuration list for PBXNativeTarget "ToDoListTests" */ = {
			isa = XCConfigurationList;
			buildConfigurations = (
				E2E22D1A2C37B82E00A56E11 /* Debug */,
				E2E22D1B2C37B82E00A56E11 /* Release */,
			);
			defaultConfigurationIsVisible = 0;
			defaultConfigurationName = Release;
		};
		E2E22D1C2C37B82E00A56E11 /* Build configuration list for PBXNativeTarget "ToDoListUITests" */ = {
			isa = XCConfigurationList;
			buildConfigurations = (
				E2E22D1D2C37B82E00A56E11 /* Debug */,
				E2E22D1E2C37B82E00A56E11 /* Release */,
			);
			defaultConfigurationIsVisible = 0;
			defaultConfigurationName = Release;
		};
/* End XCConfigurationList section */

/* Begin XCRemoteSwiftPackageReference section */
		E2E22D1F2C37BDDE00A56E11 /* XCRemoteSwiftPackageReference "firebase-ios-sdk" */ = {
			isa = XCRemoteSwiftPackageReference;
			repositoryURL = "https://github.com/firebase/firebase-ios-sdk.git";
			requirement = {
				kind = upToNextMajorVersion;
				minimumVersion = 10.28.1;
			};
		};
/* End XCRemoteSwiftPackageReference section */

/* Begin XCSwiftPackageProductDependency section */
		E2E22D202C37BDDE00A56E11 /* FirebaseAuth */ = {
			isa = XCSwiftPackageProductDependency;
			package = E2E22D1F2C37BDDE00A56E11 /* XCRemoteSwiftPackageReference "firebase-ios-sdk" */;
			productName = FirebaseAuth;
		};
		E2E22D222C37BDDE00A56E11 /* FirebaseFirestore */ = {
			isa = XCSwiftPackageProductDependency;
			package = E2E22D1F2C37BDDE00A56E11 /* XCRemoteSwiftPackageReference "firebase-ios-sdk" */;
			productName = FirebaseFirestore;
		};
		E2E22D242C37BDDE00A56E11 /* FirebaseFirestoreSwift */ = {
			isa = XCSwiftPackageProductDependency;
			package = E2E22D1F2C37BDDE00A56E11 /* XCRemoteSwiftPackageReference "firebase-ios-sdk" */;
			productName = FirebaseFirestoreSwift;
		};
/* End XCSwiftPackageProductDependency section */
	};
	rootObject = E2E22CEA2C37B82B00A56E11 /* Project object */;
}
